
Microsoft Visual Studio Solution File, Format Version 12.00
# Visual Studio 15
VisualStudioVersion = 15.0.26430.6
MinimumVisualStudioVersion = 10.0.40219.1
Project("{9A19103F-16F7-4668-BE54-9A1E7A4F7556}") = "BS", "BS\BS.csproj", "{332536D9-19ED-437A-AA97-2FFDC2D22D2F}"
EndProject
Project("{FAE04EC0-301F-11D3-BF4B-00C04F79EFBC}") = "BS.Data", "BS.Data\BS.Data.csproj", "{CE535517-1104-42A8-9D69-DCD320FD0528}"
EndProject
Project("{FAE04EC0-301F-11D3-BF4B-00C04F79EFBC}") = "BS.Mobile.Android", "BS.Mobile\BS.Mobile.Android\BS.Mobile.Android.csproj", "{3E3D826E-84B4-4B9A-B3E8-754C20F232A4}"
EndProject
Project("{FAE04EC0-301F-11D3-BF4B-00C04F79EFBC}") = "BS.Mobile", "BS.Mobile\BS.Mobile\BS.Mobile.csproj", "{746D4A8A-580F-47E4-AD18-E602E46B6D9C}"
EndProject
Project("{FAE04EC0-301F-11D3-BF4B-00C04F79EFBC}") = "BS.Mobile.iOS", "BS.Mobile\BS.Mobile.iOS\BS.Mobile.iOS.csproj", "{A0CBFEB9-07EF-4C1A-8493-33F6F5FC4C73}"
EndProject
Global
	GlobalSection(SolutionConfigurationPlatforms) = preSolution
		Ad-Hoc|Any CPU = Ad-Hoc|Any CPU
		Ad-Hoc|iPhone = Ad-Hoc|iPhone
		Ad-Hoc|iPhoneSimulator = Ad-Hoc|iPhoneSimulator
		AppStore|Any CPU = AppStore|Any CPU
		AppStore|iPhone = AppStore|iPhone
		AppStore|iPhoneSimulator = AppStore|iPhoneSimulator
		Debug|Any CPU = Debug|Any CPU
		Debug|iPhone = Debug|iPhone
		Debug|iPhoneSimulator = Debug|iPhoneSimulator
		Release|Any CPU = Release|Any CPU
		Release|iPhone = Release|iPhone
		Release|iPhoneSimulator = Release|iPhoneSimulator
	EndGlobalSection
	GlobalSection(ProjectConfigurationPlatforms) = postSolution
		{332536D9-19ED-437A-AA97-2FFDC2D22D2F}.Ad-Hoc|Any CPU.ActiveCfg = Release|Any CPU
		{332536D9-19ED-437A-AA97-2FFDC2D22D2F}.Ad-Hoc|Any CPU.Build.0 = Release|Any CPU
		{332536D9-19ED-437A-AA97-2FFDC2D22D2F}.Ad-Hoc|iPhone.ActiveCfg = Release|Any CPU
		{332536D9-19ED-437A-AA97-2FFDC2D22D2F}.Ad-Hoc|iPhone.Build.0 = Release|Any CPU
		{332536D9-19ED-437A-AA97-2FFDC2D22D2F}.Ad-Hoc|iPhoneSimulator.ActiveCfg = Release|Any CPU
		{332536D9-19ED-437A-AA97-2FFDC2D22D2F}.Ad-Hoc|iPhoneSimulator.Build.0 = Release|Any CPU
		{332536D9-19ED-437A-AA97-2FFDC2D22D2F}.AppStore|Any CPU.ActiveCfg = Release|Any CPU
		{332536D9-19ED-437A-AA97-2FFDC2D22D2F}.AppStore|Any CPU.Build.0 = Release|Any CPU
		{332536D9-19ED-437A-AA97-2FFDC2D22D2F}.AppStore|iPhone.ActiveCfg = Release|Any CPU
		{332536D9-19ED-437A-AA97-2FFDC2D22D2F}.AppStore|iPhone.Build.0 = Release|Any CPU
		{332536D9-19ED-437A-AA97-2FFDC2D22D2F}.AppStore|iPhoneSimulator.ActiveCfg = Release|Any CPU
		{332536D9-19ED-437A-AA97-2FFDC2D22D2F}.AppStore|iPhoneSimulator.Build.0 = Release|Any CPU
		{332536D9-19ED-437A-AA97-2FFDC2D22D2F}.Debug|Any CPU.ActiveCfg = Debug|Any CPU
		{332536D9-19ED-437A-AA97-2FFDC2D22D2F}.Debug|Any CPU.Build.0 = Debug|Any CPU
		{332536D9-19ED-437A-AA97-2FFDC2D22D2F}.Debug|iPhone.ActiveCfg = Debug|Any CPU
		{332536D9-19ED-437A-AA97-2FFDC2D22D2F}.Debug|iPhone.Build.0 = Debug|Any CPU
		{332536D9-19ED-437A-AA97-2FFDC2D22D2F}.Debug|iPhoneSimulator.ActiveCfg = Debug|Any CPU
		{332536D9-19ED-437A-AA97-2FFDC2D22D2F}.Debug|iPhoneSimulator.Build.0 = Debug|Any CPU
		{332536D9-19ED-437A-AA97-2FFDC2D22D2F}.Release|Any CPU.ActiveCfg = Release|Any CPU
		{332536D9-19ED-437A-AA97-2FFDC2D22D2F}.Release|Any CPU.Build.0 = Release|Any CPU
		{332536D9-19ED-437A-AA97-2FFDC2D22D2F}.Release|iPhone.ActiveCfg = Release|Any CPU
		{332536D9-19ED-437A-AA97-2FFDC2D22D2F}.Release|iPhone.Build.0 = Release|Any CPU
		{332536D9-19ED-437A-AA97-2FFDC2D22D2F}.Release|iPhoneSimulator.ActiveCfg = Release|Any CPU
		{332536D9-19ED-437A-AA97-2FFDC2D22D2F}.Release|iPhoneSimulator.Build.0 = Release|Any CPU
		{CE535517-1104-42A8-9D69-DCD320FD0528}.Ad-Hoc|Any CPU.ActiveCfg = Debug|Any CPU
		{CE535517-1104-42A8-9D69-DCD320FD0528}.Ad-Hoc|Any CPU.Build.0 = Debug|Any CPU
		{CE535517-1104-42A8-9D69-DCD320FD0528}.Ad-Hoc|iPhone.ActiveCfg = Debug|Any CPU
		{CE535517-1104-42A8-9D69-DCD320FD0528}.Ad-Hoc|iPhone.Build.0 = Debug|Any CPU
		{CE535517-1104-42A8-9D69-DCD320FD0528}.Ad-Hoc|iPhoneSimulator.ActiveCfg = Debug|Any CPU
		{CE535517-1104-42A8-9D69-DCD320FD0528}.Ad-Hoc|iPhoneSimulator.Build.0 = Debug|Any CPU
		{CE535517-1104-42A8-9D69-DCD320FD0528}.AppStore|Any CPU.ActiveCfg = Debug|Any CPU
		{CE535517-1104-42A8-9D69-DCD320FD0528}.AppStore|Any CPU.Build.0 = Debug|Any CPU
		{CE535517-1104-42A8-9D69-DCD320FD0528}.AppStore|iPhone.ActiveCfg = Debug|Any CPU
		{CE535517-1104-42A8-9D69-DCD320FD0528}.AppStore|iPhone.Build.0 = Debug|Any CPU
		{CE535517-1104-42A8-9D69-DCD320FD0528}.AppStore|iPhoneSimulator.ActiveCfg = Debug|Any CPU
		{CE535517-1104-42A8-9D69-DCD320FD0528}.AppStore|iPhoneSimulator.Build.0 = Debug|Any CPU
		{CE535517-1104-42A8-9D69-DCD320FD0528}.Debug|Any CPU.ActiveCfg = Debug|Any CPU
		{CE535517-1104-42A8-9D69-DCD320FD0528}.Debug|Any CPU.Build.0 = Debug|Any CPU
		{CE535517-1104-42A8-9D69-DCD320FD0528}.Debug|iPhone.ActiveCfg = Debug|Any CPU
		{CE535517-1104-42A8-9D69-DCD320FD0528}.Debug|iPhone.Build.0 = Debug|Any CPU
		{CE535517-1104-42A8-9D69-DCD320FD0528}.Debug|iPhoneSimulator.ActiveCfg = Debug|Any CPU
		{CE535517-1104-42A8-9D69-DCD320FD0528}.Debug|iPhoneSimulator.Build.0 = Debug|Any CPU
		{CE535517-1104-42A8-9D69-DCD320FD0528}.Release|Any CPU.ActiveCfg = Release|Any CPU
		{CE535517-1104-42A8-9D69-DCD320FD0528}.Release|Any CPU.Build.0 = Release|Any CPU
		{CE535517-1104-42A8-9D69-DCD320FD0528}.Release|iPhone.ActiveCfg = Release|Any CPU
		{CE535517-1104-42A8-9D69-DCD320FD0528}.Release|iPhone.Build.0 = Release|Any CPU
		{CE535517-1104-42A8-9D69-DCD320FD0528}.Release|iPhoneSimulator.ActiveCfg = Release|Any CPU
		{CE535517-1104-42A8-9D69-DCD320FD0528}.Release|iPhoneSimulator.Build.0 = Release|Any CPU
		{3E3D826E-84B4-4B9A-B3E8-754C20F232A4}.Ad-Hoc|Any CPU.ActiveCfg = Release|Any CPU
		{3E3D826E-84B4-4B9A-B3E8-754C20F232A4}.Ad-Hoc|Any CPU.Build.0 = Release|Any CPU
		{3E3D826E-84B4-4B9A-B3E8-754C20F232A4}.Ad-Hoc|Any CPU.Deploy.0 = Release|Any CPU
		{3E3D826E-84B4-4B9A-B3E8-754C20F232A4}.Ad-Hoc|iPhone.ActiveCfg = Release|Any CPU
		{3E3D826E-84B4-4B9A-B3E8-754C20F232A4}.Ad-Hoc|iPhone.Build.0 = Release|Any CPU
		{3E3D826E-84B4-4B9A-B3E8-754C20F232A4}.Ad-Hoc|iPhone.Deploy.0 = Release|Any CPU
		{3E3D826E-84B4-4B9A-B3E8-754C20F232A4}.Ad-Hoc|iPhoneSimulator.ActiveCfg = Release|Any CPU
		{3E3D826E-84B4-4B9A-B3E8-754C20F232A4}.Ad-Hoc|iPhoneSimulator.Build.0 = Release|Any CPU
		{3E3D826E-84B4-4B9A-B3E8-754C20F232A4}.Ad-Hoc|iPhoneSimulator.Deploy.0 = Release|Any CPU
		{3E3D826E-84B4-4B9A-B3E8-754C20F232A4}.AppStore|Any CPU.ActiveCfg = Release|Any CPU
		{3E3D826E-84B4-4B9A-B3E8-754C20F232A4}.AppStore|Any CPU.Build.0 = Release|Any CPU
		{3E3D826E-84B4-4B9A-B3E8-754C20F232A4}.AppStore|Any CPU.Deploy.0 = Release|Any CPU
		{3E3D826E-84B4-4B9A-B3E8-754C20F232A4}.AppStore|iPhone.ActiveCfg = Release|Any CPU
		{3E3D826E-84B4-4B9A-B3E8-754C20F232A4}.AppStore|iPhone.Build.0 = Release|Any CPU
		{3E3D826E-84B4-4B9A-B3E8-754C20F232A4}.AppStore|iPhone.Deploy.0 = Release|Any CPU
		{3E3D826E-84B4-4B9A-B3E8-754C20F232A4}.AppStore|iPhoneSimulator.ActiveCfg = Release|Any CPU
		{3E3D826E-84B4-4B9A-B3E8-754C20F232A4}.AppStore|iPhoneSimulator.Build.0 = Release|Any CPU
		{3E3D826E-84B4-4B9A-B3E8-754C20F232A4}.AppStore|iPhoneSimulator.Deploy.0 = Release|Any CPU
		{3E3D826E-84B4-4B9A-B3E8-754C20F232A4}.Debug|Any CPU.ActiveCfg = Debug|Any CPU
		{3E3D826E-84B4-4B9A-B3E8-754C20F232A4}.Debug|Any CPU.Build.0 = Debug|Any CPU
		{3E3D826E-84B4-4B9A-B3E8-754C20F232A4}.Debug|Any CPU.Deploy.0 = Debug|Any CPU
		{3E3D826E-84B4-4B9A-B3E8-754C20F232A4}.Debug|iPhone.ActiveCfg = Debug|Any CPU
		{3E3D826E-84B4-4B9A-B3E8-754C20F232A4}.Debug|iPhone.Build.0 = Debug|Any CPU
		{3E3D826E-84B4-4B9A-B3E8-754C20F232A4}.Debug|iPhone.Deploy.0 = Debug|Any CPU
		{3E3D826E-84B4-4B9A-B3E8-754C20F232A4}.Debug|iPhoneSimulator.ActiveCfg = Debug|Any CPU
		{3E3D826E-84B4-4B9A-B3E8-754C20F232A4}.Debug|iPhoneSimulator.Build.0 = Debug|Any CPU
		{3E3D826E-84B4-4B9A-B3E8-754C20F232A4}.Debug|iPhoneSimulator.Deploy.0 = Debug|Any CPU
		{3E3D826E-84B4-4B9A-B3E8-754C20F232A4}.Release|Any CPU.ActiveCfg = Release|Any CPU
		{3E3D826E-84B4-4B9A-B3E8-754C20F232A4}.Release|Any CPU.Build.0 = Release|Any CPU
		{3E3D826E-84B4-4B9A-B3E8-754C20F232A4}.Release|Any CPU.Deploy.0 = Release|Any CPU
		{3E3D826E-84B4-4B9A-B3E8-754C20F232A4}.Release|iPhone.ActiveCfg = Release|Any CPU
		{3E3D826E-84B4-4B9A-B3E8-754C20F232A4}.Release|iPhone.Build.0 = Release|Any CPU
		{3E3D826E-84B4-4B9A-B3E8-754C20F232A4}.Release|iPhone.Deploy.0 = Release|Any CPU
		{3E3D826E-84B4-4B9A-B3E8-754C20F232A4}.Release|iPhoneSimulator.ActiveCfg = Release|Any CPU
		{3E3D826E-84B4-4B9A-B3E8-754C20F232A4}.Release|iPhoneSimulator.Build.0 = Release|Any CPU
		{3E3D826E-84B4-4B9A-B3E8-754C20F232A4}.Release|iPhoneSimulator.Deploy.0 = Release|Any CPU
		{746D4A8A-580F-47E4-AD18-E602E46B6D9C}.Ad-Hoc|Any CPU.ActiveCfg = Release|Any CPU
		{746D4A8A-580F-47E4-AD18-E602E46B6D9C}.Ad-Hoc|Any CPU.Build.0 = Release|Any CPU
		{746D4A8A-580F-47E4-AD18-E602E46B6D9C}.Ad-Hoc|iPhone.ActiveCfg = Release|Any CPU
		{746D4A8A-580F-47E4-AD18-E602E46B6D9C}.Ad-Hoc|iPhone.Build.0 = Release|Any CPU
		{746D4A8A-580F-47E4-AD18-E602E46B6D9C}.Ad-Hoc|iPhoneSimulator.ActiveCfg = Release|Any CPU
		{746D4A8A-580F-47E4-AD18-E602E46B6D9C}.Ad-Hoc|iPhoneSimulator.Build.0 = Release|Any CPU
		{746D4A8A-580F-47E4-AD18-E602E46B6D9C}.AppStore|Any CPU.ActiveCfg = Release|Any CPU
		{746D4A8A-580F-47E4-AD18-E602E46B6D9C}.AppStore|Any CPU.Build.0 = Release|Any CPU
		{746D4A8A-580F-47E4-AD18-E602E46B6D9C}.AppStore|iPhone.ActiveCfg = Release|Any CPU
		{746D4A8A-580F-47E4-AD18-E602E46B6D9C}.AppStore|iPhone.Build.0 = Release|Any CPU
		{746D4A8A-580F-47E4-AD18-E602E46B6D9C}.AppStore|iPhoneSimulator.ActiveCfg = Release|Any CPU
		{746D4A8A-580F-47E4-AD18-E602E46B6D9C}.AppStore|iPhoneSimulator.Build.0 = Release|Any CPU
		{746D4A8A-580F-47E4-AD18-E602E46B6D9C}.Debug|Any CPU.ActiveCfg = Debug|Any CPU
		{746D4A8A-580F-47E4-AD18-E602E46B6D9C}.Debug|Any CPU.Build.0 = Debug|Any CPU
		{746D4A8A-580F-47E4-AD18-E602E46B6D9C}.Debug|iPhone.ActiveCfg = Debug|Any CPU
		{746D4A8A-580F-47E4-AD18-E602E46B6D9C}.Debug|iPhone.Build.0 = Debug|Any CPU
		{746D4A8A-580F-47E4-AD18-E602E46B6D9C}.Debug|iPhoneSimulator.ActiveCfg = Debug|Any CPU
		{746D4A8A-580F-47E4-AD18-E602E46B6D9C}.Debug|iPhoneSimulator.Build.0 = Debug|Any CPU
		{746D4A8A-580F-47E4-AD18-E602E46B6D9C}.Release|Any CPU.ActiveCfg = Release|Any CPU
		{746D4A8A-580F-47E4-AD18-E602E46B6D9C}.Release|Any CPU.Build.0 = Release|Any CPU
		{746D4A8A-580F-47E4-AD18-E602E46B6D9C}.Release|iPhone.ActiveCfg = Release|Any CPU
		{746D4A8A-580F-47E4-AD18-E602E46B6D9C}.Release|iPhone.Build.0 = Release|Any CPU
		{746D4A8A-580F-47E4-AD18-E602E46B6D9C}.Release|iPhoneSimulator.ActiveCfg = Release|Any CPU
		{746D4A8A-580F-47E4-AD18-E602E46B6D9C}.Release|iPhoneSimulator.Build.0 = Release|Any CPU
		{A0CBFEB9-07EF-4C1A-8493-33F6F5FC4C73}.Ad-Hoc|Any CPU.ActiveCfg = Ad-Hoc|iPhone
		{A0CBFEB9-07EF-4C1A-8493-33F6F5FC4C73}.Ad-Hoc|iPhone.ActiveCfg = Ad-Hoc|iPhone
		{A0CBFEB9-07EF-4C1A-8493-33F6F5FC4C73}.Ad-Hoc|iPhone.Build.0 = Ad-Hoc|iPhone
		{A0CBFEB9-07EF-4C1A-8493-33F6F5FC4C73}.Ad-Hoc|iPhoneSimulator.ActiveCfg = Ad-Hoc|iPhoneSimulator
		{A0CBFEB9-07EF-4C1A-8493-33F6F5FC4C73}.Ad-Hoc|iPhoneSimulator.Build.0 = Ad-Hoc|iPhoneSimulator
		{A0CBFEB9-07EF-4C1A-8493-33F6F5FC4C73}.AppStore|Any CPU.ActiveCfg = AppStore|iPhone
		{A0CBFEB9-07EF-4C1A-8493-33F6F5FC4C73}.AppStore|iPhone.ActiveCfg = AppStore|iPhone
		{A0CBFEB9-07EF-4C1A-8493-33F6F5FC4C73}.AppStore|iPhone.Build.0 = AppStore|iPhone
		{A0CBFEB9-07EF-4C1A-8493-33F6F5FC4C73}.AppStore|iPhoneSimulator.ActiveCfg = AppStore|iPhoneSimulator
		{A0CBFEB9-07EF-4C1A-8493-33F6F5FC4C73}.AppStore|iPhoneSimulator.Build.0 = AppStore|iPhoneSimulator
		{A0CBFEB9-07EF-4C1A-8493-33F6F5FC4C73}.Debug|Any CPU.ActiveCfg = Debug|iPhone
		{A0CBFEB9-07EF-4C1A-8493-33F6F5FC4C73}.Debug|iPhone.ActiveCfg = Debug|iPhone
		{A0CBFEB9-07EF-4C1A-8493-33F6F5FC4C73}.Debug|iPhone.Build.0 = Debug|iPhone
		{A0CBFEB9-07EF-4C1A-8493-33F6F5FC4C73}.Debug|iPhoneSimulator.ActiveCfg = Debug|iPhoneSimulator
		{A0CBFEB9-07EF-4C1A-8493-33F6F5FC4C73}.Debug|iPhoneSimulator.Build.0 = Debug|iPhoneSimulator
		{A0CBFEB9-07EF-4C1A-8493-33F6F5FC4C73}.Release|Any CPU.ActiveCfg = Release|iPhone
		{A0CBFEB9-07EF-4C1A-8493-33F6F5FC4C73}.Release|iPhone.ActiveCfg = Release|iPhone
		{A0CBFEB9-07EF-4C1A-8493-33F6F5FC4C73}.Release|iPhone.Build.0 = Release|iPhone
		{A0CBFEB9-07EF-4C1A-8493-33F6F5FC4C73}.Release|iPhoneSimulator.ActiveCfg = Release|iPhoneSimulator
		{A0CBFEB9-07EF-4C1A-8493-33F6F5FC4C73}.Release|iPhoneSimulator.Build.0 = Release|iPhoneSimulator
	EndGlobalSection
	GlobalSection(SolutionProperties) = preSolution
		HideSolutionNode = FALSE
	EndGlobalSection
EndGlobal
